<?xml version="1.0" encoding="utf-8"?>
<Project ToolsVersion="4.0" xmlns="http://schemas.microsoft.com/developer/msbuild/2003">
  <ItemGroup>
    <Filter Include="Generated Files">
      <UniqueIdentifier>{71ED8ED8-ACB9-4CE9-BBE1-E00B30144E11}</UniqueIdentifier>
      <Extensions>cpp;c;cxx;moc;h;def;odl;idl;res;</Extensions>
    </Filter>
    <Filter Include="Generated Files">
      <UniqueIdentifier>{71ED8ED8-ACB9-4CE9-BBE1-E00B30144E11}</UniqueIdentifier>
      <Extensions>cpp;c;cxx;moc;h;def;odl;idl;res;</Extensions>
    </Filter>
    <Filter Include="Resource Files">
      <UniqueIdentifier>{D9D6E242-F8AF-46E4-B9FD-80ECBC20BA3E}</UniqueIdentifier>
      <Extensions>qrc;*</Extensions>
      <ParseFiles>false</ParseFiles>
    </Filter>
    <Filter Include="Resource Files">
      <UniqueIdentifier>{D9D6E242-F8AF-46E4-B9FD-80ECBC20BA3E}</UniqueIdentifier>
      <Extensions>qrc;*</Extensions>
      <ParseFiles>false</ParseFiles>
    </Filter>
    <Filter Include="Translation Files">
      <UniqueIdentifier>{639EADAA-A684-42e4-A9AD-28FC9BCB8F7C}</UniqueIdentifier>
      <Extensions>ts;xlf</Extensions>
      <ParseFiles>false</ParseFiles>
    </Filter>
    <Filter Include="Translation Files">
      <UniqueIdentifier>{639EADAA-A684-42e4-A9AD-28FC9BCB8F7C}</UniqueIdentifier>
      <Extensions>ts;xlf</Extensions>
      <ParseFiles>false</ParseFiles>
    </Filter>
    <Filter Include="Generated Files\Debug">
      <UniqueIdentifier>{5e775f5a-89f9-4f9a-8dc6-0939c2ba785e}</UniqueIdentifier>
      <Extensions>cpp;moc</Extensions>
      <SourceControlFiles>False</SourceControlFiles>
    </Filter>
    <Filter Include="Generated Files\Release">
      <UniqueIdentifier>{51b71367-47ca-4ff0-8e78-dba1696e9436}</UniqueIdentifier>
      <Extensions>cpp;moc</Extensions>
      <SourceControlFiles>False</SourceControlFiles>
    </Filter>
    <Filter Include="core">
      <UniqueIdentifier>{0edb46f3-01bb-4272-bcd1-1a75dd29b816}</UniqueIdentifier>
    </Filter>
    <Filter Include="quazip">
      <UniqueIdentifier>{d3e76040-87aa-4533-b47c-1301211885f7}</UniqueIdentifier>
    </Filter>
    <Filter Include="dialog">
      <UniqueIdentifier>{0ac0573f-c4fe-4bc0-be00-90a4f61d7f78}</UniqueIdentifier>
    </Filter>
  </ItemGroup>
  <ItemGroup>
    <ClCompile Include="GeneratedFiles\qrc_lang.cpp">
      <Filter>Generated Files</Filter>
    </ClCompile>
    <ClCompile Include="..\src\core\downloader.cpp">
      <Filter>core</Filter>
    </ClCompile>
    <ClCompile Include="GeneratedFiles\Debug\moc_downloader.cpp">
      <Filter>Generated Files\Debug</Filter>
    </ClCompile>
    <ClCompile Include="GeneratedFiles\Release\moc_downloader.cpp">
      <Filter>Generated Files\Release</Filter>
    </ClCompile>
    <ClCompile Include="..\src\core\main.cpp">
      <Filter>core</Filter>
    </ClCompile>
    <ClCompile Include="..\src\core\renamer.cpp">
      <Filter>core</Filter>
    </ClCompile>
    <ClCompile Include="GeneratedFiles\Debug\moc_renamer.cpp">
      <Filter>Generated Files\Debug</Filter>
    </ClCompile>
    <ClCompile Include="GeneratedFiles\Release\moc_renamer.cpp">
      <Filter>Generated Files\Release</Filter>
    </ClCompile>
    <ClCompile Include="..\src\core\songstruct.cpp">
      <Filter>core</Filter>
    </ClCompile>
    <ClCompile Include="..\src\core\uncompresser.cpp">
      <Filter>core</Filter>
    </ClCompile>
    <ClCompile Include="GeneratedFiles\Debug\moc_uncompresser.cpp">
      <Filter>Generated Files\Debug</Filter>
    </ClCompile>
    <ClCompile Include="GeneratedFiles\Release\moc_uncompresser.cpp">
      <Filter>Generated Files\Release</Filter>
    </ClCompile>
    <ClCompile Include="..\src\core\utils.cpp">
      <Filter>core</Filter>
    </ClCompile>
    <ClCompile Include="..\src\dialog\ChangeNameDialog.cpp">
      <Filter>dialog</Filter>
    </ClCompile>
    <ClCompile Include="GeneratedFiles\Debug\moc_ChangeNameDialog.cpp">
      <Filter>Generated Files\Debug</Filter>
    </ClCompile>
    <ClCompile Include="GeneratedFiles\Release\moc_ChangeNameDialog.cpp">
      <Filter>Generated Files\Release</Filter>
    </ClCompile>
    <ClCompile Include="..\src\dialog\DownloadDialog.cpp">
      <Filter>dialog</Filter>
    </ClCompile>
    <ClCompile Include="GeneratedFiles\Debug\moc_DownloadDialog.cpp">
      <Filter>Generated Files\Debug</Filter>
    </ClCompile>
    <ClCompile Include="GeneratedFiles\Release\moc_DownloadDialog.cpp">
      <Filter>Generated Files\Release</Filter>
    </ClCompile>
    <ClCompile Include="..\src\dialog\maindialog.cpp">
      <Filter>dialog</Filter>
    </ClCompile>
    <ClCompile Include="GeneratedFiles\Debug\moc_maindialog.cpp">
      <Filter>Generated Files\Debug</Filter>
    </ClCompile>
    <ClCompile Include="GeneratedFiles\Release\moc_maindialog.cpp">
      <Filter>Generated Files\Release</Filter>
    </ClCompile>
    <ClCompile Include="..\src\quazip\JlCompress.cpp">
      <Filter>quazip</Filter>
    </ClCompile>
    <ClCompile Include="..\src\quazip\qioapi.cpp">
      <Filter>quazip</Filter>
    </ClCompile>
    <ClCompile Include="..\src\quazip\quaadler32.cpp">
      <Filter>quazip</Filter>
    </ClCompile>
    <ClCompile Include="..\src\quazip\quacrc32.cpp">
      <Filter>quazip</Filter>
    </ClCompile>
    <ClCompile Include="..\src\quazip\quagzipfile.cpp">
      <Filter>quazip</Filter>
    </ClCompile>
    <ClCompile Include="GeneratedFiles\Debug\moc_quagzipfile.cpp">
      <Filter>Generated Files\Debug</Filter>
    </ClCompile>
    <ClCompile Include="GeneratedFiles\Release\moc_quagzipfile.cpp">
      <Filter>Generated Files\Release</Filter>
    </ClCompile>
    <ClCompile Include="..\src\quazip\quaziodevice.cpp">
      <Filter>quazip</Filter>
    </ClCompile>
    <ClCompile Include="GeneratedFiles\Debug\moc_quaziodevice.cpp">
      <Filter>Generated Files\Debug</Filter>
    </ClCompile>
    <ClCompile Include="GeneratedFiles\Release\moc_quaziodevice.cpp">
      <Filter>Generated Files\Release</Filter>
    </ClCompile>
    <ClCompile Include="..\src\quazip\quazip.cpp">
      <Filter>quazip</Filter>
    </ClCompile>
    <ClCompile Include="..\src\quazip\quazipdir.cpp">
      <Filter>quazip</Filter>
    </ClCompile>
    <ClCompile Include="..\src\quazip\quazipfile.cpp">
      <Filter>quazip</Filter>
    </ClCompile>
    <ClCompile Include="GeneratedFiles\Debug\moc_quazipfile.cpp">
      <Filter>Generated Files\Debug</Filter>
    </ClCompile>
    <ClCompile Include="GeneratedFiles\Release\moc_quazipfile.cpp">
      <Filter>Generated Files\Release</Filter>
    </ClCompile>
    <ClCompile Include="..\src\quazip\quazipfileinfo.cpp">
      <Filter>quazip</Filter>
    </ClCompile>
    <ClCompile Include="..\src\quazip\quazipnewinfo.cpp">
      <Filter>quazip</Filter>
    </ClCompile>
    <ClCompile Include="..\src\quazip\unzip.c">
      <Filter>quazip</Filter>
    </ClCompile>
    <ClCompile Include="..\src\quazip\zip.c">
      <Filter>quazip</Filter>
    </ClCompile>
    <ClCompile Include="..\src\dialog\SongClientEditDialog.cpp">
      <Filter>dialog</Filter>
    </ClCompile>
    <ClCompile Include="GeneratedFiles\Debug\moc_SongClientEditDialog.cpp">
      <Filter>Generated Files\Debug</Filter>
    </ClCompile>
    <ClCompile Include="GeneratedFiles\Release\moc_SongClientEditDialog.cpp">
      <Filter>Generated Files\Release</Filter>
    </ClCompile>
    <ClCompile Include="..\src\dialog\PapaSongClientEditDialog.cpp">
      <Filter>dialog</Filter>
    </ClCompile>
    <ClCompile Include="GeneratedFiles\Debug\moc_PapaSongClientEditDialog.cpp">
      <Filter>Generated Files\Debug</Filter>
    </ClCompile>
    <ClCompile Include="GeneratedFiles\Release\moc_PapaSongClientEditDialog.cpp">
      <Filter>Generated Files\Release</Filter>
    </ClCompile>
  </ItemGroup>
  <ItemGroup>
    <None Include="..\changename.ts">
      <Filter>Translation Files</Filter>
    </None>
  </ItemGroup>
  <ItemGroup>
    <CustomBuild Include="..\lang.qrc">
      <Filter>Resource Files</Filter>
    </CustomBuild>
    <CustomBuild Include="..\src\core\downloader.h">
      <Filter>core</Filter>
    </CustomBuild>
    <CustomBuild Include="..\src\core\renamer.h">
      <Filter>core</Filter>
    </CustomBuild>
    <CustomBuild Include="..\src\core\uncompresser.h">
      <Filter>core</Filter>
    </CustomBuild>
    <CustomBuild Include="..\src\dialog\ChangeNameDialog.h">
      <Filter>dialog</Filter>
    </CustomBuild>
    <CustomBuild Include="..\src\dialog\DownloadDialog.h">
      <Filter>dialog</Filter>
    </CustomBuild>
    <CustomBuild Include="..\src\dialog\maindialog.h">
      <Filter>dialog</Filter>
    </CustomBuild>
    <CustomBuild Include="..\src\quazip\quagzipfile.h">
      <Filter>quazip</Filter>
    </CustomBuild>
    <CustomBuild Include="..\src\quazip\quaziodevice.h">
      <Filter>quazip</Filter>
    </CustomBuild>
    <CustomBuild Include="..\src\quazip\quazipfile.h">
      <Filter>quazip</Filter>
    </CustomBuild>
    <CustomBuild Include="..\src\dialog\SongClientEditDialog.h">
      <Filter>dialog</Filter>
    </CustomBuild>
    <CustomBuild Include="..\src\dialog\PapaSongClientEditDialog.h">
      <Filter>dialog</Filter>
    </CustomBuild>
  </ItemGroup>
  <ItemGroup>
    <ResourceCompile Include="..\res\icon.rc" />
  </ItemGroup>
  <ItemGroup>
    <ClInclude Include="..\src\core\songstruct.h">
      <Filter>core</Filter>
    </ClInclude>
    <ClInclude Include="..\src\core\utils.h">
      <Filter>core</Filter>
    </ClInclude>
    <ClInclude Include="..\src\quazip\crypt.h">
      <Filter>quazip</Filter>
    </ClInclude>
    <ClInclude Include="..\src\quazip\ioapi.h">
      <Filter>quazip</Filter>
    </ClInclude>
    <ClInclude Include="..\src\quazip\JlCompress.h">
      <Filter>quazip</Filter>
    </ClInclude>
    <ClInclude Include="..\src\quazip\quaadler32.h">
      <Filter>quazip</Filter>
    </ClInclude>
    <ClInclude Include="..\src\quazip\quachecksum32.h">
      <Filter>quazip</Filter>
    </ClInclude>
    <ClInclude Include="..\src\quazip\quacrc32.h">
      <Filter>quazip</Filter>
    </ClInclude>
    <ClInclude Include="..\src\quazip\quazip.h">
      <Filter>quazip</Filter>
    </ClInclude>
    <ClInclude Include="..\src\quazip\quazip_global.h">
      <Filter>quazip</Filter>
    </ClInclude>
    <ClInclude Include="..\src\quazip\quazipdir.h">
      <Filter>quazip</Filter>
    </ClInclude>
    <ClInclude Include="..\src\quazip\quazipfileinfo.h">
      <Filter>quazip</Filter>
    </ClInclude>
    <ClInclude Include="..\src\quazip\quazipnewinfo.h">
      <Filter>quazip</Filter>
    </ClInclude>
    <ClInclude Include="..\src\quazip\unzip.h">
      <Filter>quazip</Filter>
    </ClInclude>
    <ClInclude Include="..\src\quazip\zconf.h">
      <Filter>quazip</Filter>
    </ClInclude>
    <ClInclude Include="..\src\quazip\zip.h">
      <Filter>quazip</Filter>
    </ClInclude>
    <ClInclude Include="..\src\quazip\zlib.h">
      <Filter>quazip</Filter>
    </ClInclude>
  </ItemGroup>
</Project>